
Microsoft Visual Studio Solution File, Format Version 12.00
# Visual Studio Version 17
VisualStudioVersion = 17.8.34330.188
MinimumVisualStudioVersion = 10.0.40219.1
Project("{FAE04EC0-301F-11D3-BF4B-00C04F79EFBC}") = "Ödev 00-00", "Ödev 00-00\Ödev 00-00.csproj", "{31A5924F-B4C7-445C-AD37-CE471DE6E4BC}"
EndProject
Global
	GlobalSection(SolutionConfigurationPlatforms) = preSolution
		Debug|Any CPU = Debug|Any CPU
		Release|Any CPU = Release|Any CPU
	EndGlobalSection
	GlobalSection(ProjectConfigurationPlatforms) = postSolution
		{31A5924F-B4C7-445C-AD37-CE471DE6E4BC}.Debug|Any CPU.ActiveCfg = Debug|Any CPU
		{31A5924F-B4C7-445C-AD37-CE471DE6E4BC}.Debug|Any CPU.Build.0 = Debug|Any CPU
		{31A5924F-B4C7-445C-AD37-CE471DE6E4BC}.Release|Any CPU.ActiveCfg = Release|Any CPU
		{31A5924F-B4C7-445C-AD37-CE471DE6E4BC}.Release|Any CPU.Build.0 = Release|Any CPU
	EndGlobalSection
	GlobalSection(SolutionProperties) = preSolution
		HideSolutionNode = FALSE
	EndGlobalSection
	GlobalSection(ExtensibilityGlobals) = postSolution
		SolutionGuid = {F0919DD3-BB13-4DF1-A4A2-28E81F82D434}
	EndGlobalSection
EndGlobal
